Microsoft Visual Studio Solution File, Format Version 12.00
# Visual Studio 15
VisualStudioVersion = 15.0.28307.489
MinimumVisualStudioVersion = 10.0.40219.1
Project("{FAE04EC0-301F-11D3-BF4B-00C04F79EFBC}") = "GPS2D73", "GPS2D73.csproj", "{C6EB22A2-02AD-419F-8D6F-6A1422F61B7E}"
EndProject
Project("{FAE04EC0-301F-11D3-BF4B-00C04F79EFBC}") = "DBAccess", "..\DBAccess\DBAccess.csproj", "{2650A95D-B103-493A-8CCE-C7ECC82868BE}"
EndProject
Project("{FAE04EC0-301F-11D3-BF4B-00C04F79EFBC}") = "MapGuideAPIs", "..\MapGuideAPIs\MapGuideAPIs.csproj", "{FA7B5046-C96F-4162-B19A-2CCC8BC0C379}"
EndProject
Project("{FAE04EC0-301F-11D3-BF4B-00C04F79EFBC}") = "AIS_Reader", "..\AIS_Reader\AIS_Reader.csproj", "{41E6139C-AA2A-444C-85A9-511F9102EA87}"
EndProject
Project("{FAE04EC0-301F-11D3-BF4B-00C04F79EFBC}") = "Manage_NMEA_Files", "..\Manage_NMEA_Files\Manage_NMEA_Files.csproj", "{FF321493-F3B6-42F1-800B-7C2FC826A50C}"
EndProject
Project("{FAE04EC0-301F-11D3-BF4B-00C04F79EFBC}") = "VDM", "..\VDM\VDM.csproj", "{499A4C1A-752E-48C7-8AEA-BAEDA985C7C5}"
EndProject
Project("{FAE04EC0-301F-11D3-BF4B-00C04F79EFBC}") = "NMEA_ADT", "..\NMEA_ADT\NMEA_ADT.csproj", "{C8EF76CA-C1B4-4C9B-AA4A-F3A6C3ED6CEB}"
EndProject
Project("{FAE04EC0-301F-11D3-BF4B-00C04F79EFBC}") = "NMEA", "..\NMEA\NMEA.csproj", "{E56927B7-E270-4368-BA16-9A2C977676F9}"
EndProject
Project("{FAE04EC0-301F-11D3-BF4B-00C04F79EFBC}") = "TrackStatistics", "..\TrackStatistics\TrackStatistics.csproj", "{67C81A92-41DD-4A78-8B50-73EB6C1ED515}"
EndProject
Project("{FAE04EC0-301F-11D3-BF4B-00C04F79EFBC}") = "ASTERIX_Cat10", "..\ASTERIX_Cat10\ASTERIX_Cat10.csproj", "{E176FC06-5B06-48B9-96E2-56CF22070790}"
EndProject
Project("{FAE04EC0-301F-11D3-BF4B-00C04F79EFBC}") = "GoogleEarthConverter", "..\GoogleEarthConverter\GoogleEarthConverter.csproj", "{04BC7C7D-5657-43F5-B023-41C3A6A9C765}"
EndProject
Project("{FAE04EC0-301F-11D3-BF4B-00C04F79EFBC}") = "OPSIM_AIS_Reader", "..\OPSIM_AIS_Reader\OPSIM_AIS_Reader.csproj", "{31BAE8FC-919F-4641-8DCC-34B503DCB54F}"
EndProject
Project("{FAE04EC0-301F-11D3-BF4B-00C04F79EFBC}") = "ASTERIX_Cat62", "..\ASTERIX_Cat62\ASTERIX_Cat62.csproj", "{5E914E8D-2428-46FF-8A53-12552B48C63C}"
EndProject
Project("{FAE04EC0-301F-11D3-BF4B-00C04F79EFBC}") = "AIS_Message_Handler", "..\AIS_Message_Handler\AIS_Message_Handler.csproj", "{6C847236-35A4-4F7D-A413-F91E47C4313D}"
EndProject
Project("{FAE04EC0-301F-11D3-BF4B-00C04F79EFBC}") = "Manage_Raw_NMEA_Files", "..\Manage_Raw_NMEA_Files\Manage_Raw_NMEA_Files.csproj", "{36BD6837-9EA1-40F1-8B46-798AD581ECBD}"
EndProject
Project("{FAE04EC0-301F-11D3-BF4B-00C04F79EFBC}") = "WebApplication1", "..\WebApplication1\WebApplication1.csproj", "{9FDD9B60-2014-4CAF-970E-3AB9E75B2526}"
EndProject
Project("{FAE04EC0-301F-11D3-BF4B-00C04F79EFBC}") = "AISRealTime", "..\..\AIS_Med_Simulator\POB\Client\TCPClient\AISRealTime.csproj", "{D434E04D-CFEC-4ED8-8414-C5D9BDF9112C}"
EndProject
Project("{FAE04EC0-301F-11D3-BF4B-00C04F79EFBC}") = "WebATP", "..\WebATP\WebATP.csproj", "{33BCAEED-08EE-41B4-A3F2-EBBCAB361316}"
EndProject
Project("{FAE04EC0-301F-11D3-BF4B-00C04F79EFBC}") = "AISWebService", "..\AISWebService\AISWebService.csproj", "{5ABAC72C-C4A3-4DB4-8DCA-9279026C36B2}"
EndProject
Global
	GlobalSection(SolutionConfigurationPlatforms) = preSolution
		Debug|Any CPU = Debug|Any CPU
		Release|Any CPU = Release|Any CPU
	EndGlobalSection
	GlobalSection(ProjectConfigurationPlatforms) = postSolution
		{C6EB22A2-02AD-419F-8D6F-6A1422F61B7E}.Debug|Any CPU.ActiveCfg = Release|Any CPU
		{C6EB22A2-02AD-419F-8D6F-6A1422F61B7E}.Debug|Any CPU.Build.0 = Release|Any CPU
		{C6EB22A2-02AD-419F-8D6F-6A1422F61B7E}.Release|Any CPU.ActiveCfg = Release|Any CPU
		{C6EB22A2-02AD-419F-8D6F-6A1422F61B7E}.Release|Any CPU.Build.0 = Release|Any CPU
		{2650A95D-B103-493A-8CCE-C7ECC82868BE}.Debug|Any CPU.ActiveCfg = Release|Any CPU
		{2650A95D-B103-493A-8CCE-C7ECC82868BE}.Debug|Any CPU.Build.0 = Release|Any CPU
		{2650A95D-B103-493A-8CCE-C7ECC82868BE}.Release|Any CPU.ActiveCfg = Release|Any CPU
		{2650A95D-B103-493A-8CCE-C7ECC82868BE}.Release|Any CPU.Build.0 = Release|Any CPU
		{FA7B5046-C96F-4162-B19A-2CCC8BC0C379}.Debug|Any CPU.ActiveCfg = Release|Any CPU
		{FA7B5046-C96F-4162-B19A-2CCC8BC0C379}.Release|Any CPU.ActiveCfg = Release|Any CPU
		{FA7B5046-C96F-4162-B19A-2CCC8BC0C379}.Release|Any CPU.Build.0 = Release|Any CPU
		{41E6139C-AA2A-444C-85A9-511F9102EA87}.Debug|Any CPU.ActiveCfg = Release|Any CPU
		{41E6139C-AA2A-444C-85A9-511F9102EA87}.Debug|Any CPU.Build.0 = Release|Any CPU
		{41E6139C-AA2A-444C-85A9-511F9102EA87}.Release|Any CPU.ActiveCfg = Release|Any CPU
		{41E6139C-AA2A-444C-85A9-511F9102EA87}.Release|Any CPU.Build.0 = Release|Any CPU
		{FF321493-F3B6-42F1-800B-7C2FC826A50C}.Debug|Any CPU.ActiveCfg = Release|Any CPU
		{FF321493-F3B6-42F1-800B-7C2FC826A50C}.Debug|Any CPU.Build.0 = Release|Any CPU
		{FF321493-F3B6-42F1-800B-7C2FC826A50C}.Release|Any CPU.ActiveCfg = Release|Any CPU
		{FF321493-F3B6-42F1-800B-7C2FC826A50C}.Release|Any CPU.Build.0 = Release|Any CPU
		{499A4C1A-752E-48C7-8AEA-BAEDA985C7C5}.Debug|Any CPU.ActiveCfg = Release|Any CPU
		{499A4C1A-752E-48C7-8AEA-BAEDA985C7C5}.Debug|Any CPU.Build.0 = Release|Any CPU
		{499A4C1A-752E-48C7-8AEA-BAEDA985C7C5}.Release|Any CPU.ActiveCfg = Release|Any CPU
		{499A4C1A-752E-48C7-8AEA-BAEDA985C7C5}.Release|Any CPU.Build.0 = Release|Any CPU
		{C8EF76CA-C1B4-4C9B-AA4A-F3A6C3ED6CEB}.Debug|Any CPU.ActiveCfg = Release|Any CPU
		{C8EF76CA-C1B4-4C9B-AA4A-F3A6C3ED6CEB}.Debug|Any CPU.Build.0 = Release|Any CPU
		{C8EF76CA-C1B4-4C9B-AA4A-F3A6C3ED6CEB}.Release|Any CPU.ActiveCfg = Release|Any CPU
		{C8EF76CA-C1B4-4C9B-AA4A-F3A6C3ED6CEB}.Release|Any CPU.Build.0 = Release|Any CPU
		{E56927B7-E270-4368-BA16-9A2C977676F9}.Debug|Any CPU.ActiveCfg = Release|Any CPU
		{E56927B7-E270-4368-BA16-9A2C977676F9}.Debug|Any CPU.Build.0 = Release|Any CPU
		{E56927B7-E270-4368-BA16-9A2C977676F9}.Release|Any CPU.ActiveCfg = Release|Any CPU
		{E56927B7-E270-4368-BA16-9A2C977676F9}.Release|Any CPU.Build.0 = Release|Any CPU
		{67C81A92-41DD-4A78-8B50-73EB6C1ED515}.Debug|Any CPU.ActiveCfg = Release|Any CPU
		{67C81A92-41DD-4A78-8B50-73EB6C1ED515}.Debug|Any CPU.Build.0 = Release|Any CPU
		{67C81A92-41DD-4A78-8B50-73EB6C1ED515}.Release|Any CPU.ActiveCfg = Release|Any CPU
		{67C81A92-41DD-4A78-8B50-73EB6C1ED515}.Release|Any CPU.Build.0 = Release|Any CPU
		{E176FC06-5B06-48B9-96E2-56CF22070790}.Debug|Any CPU.ActiveCfg = Release|Any CPU
		{E176FC06-5B06-48B9-96E2-56CF22070790}.Debug|Any CPU.Build.0 = Release|Any CPU
		{E176FC06-5B06-48B9-96E2-56CF22070790}.Release|Any CPU.ActiveCfg = Release|Any CPU
		{E176FC06-5B06-48B9-96E2-56CF22070790}.Release|Any CPU.Build.0 = Release|Any CPU
		{04BC7C7D-5657-43F5-B023-41C3A6A9C765}.Debug|Any CPU.ActiveCfg = Release|Any CPU
		{04BC7C7D-5657-43F5-B023-41C3A6A9C765}.Debug|Any CPU.Build.0 = Release|Any CPU
		{04BC7C7D-5657-43F5-B023-41C3A6A9C765}.Release|Any CPU.ActiveCfg = Release|Any CPU
		{04BC7C7D-5657-43F5-B023-41C3A6A9C765}.Release|Any CPU.Build.0 = Release|Any CPU
		{31BAE8FC-919F-4641-8DCC-34B503DCB54F}.Debug|Any CPU.ActiveCfg = Release|Any CPU
		{31BAE8FC-919F-4641-8DCC-34B503DCB54F}.Debug|Any CPU.Build.0 = Release|Any CPU
		{31BAE8FC-919F-4641-8DCC-34B503DCB54F}.Release|Any CPU.ActiveCfg = Release|Any CPU
		{31BAE8FC-919F-4641-8DCC-34B503DCB54F}.Release|Any CPU.Build.0 = Release|Any CPU
		{5E914E8D-2428-46FF-8A53-12552B48C63C}.Debug|Any CPU.ActiveCfg = Release|Any CPU
		{5E914E8D-2428-46FF-8A53-12552B48C63C}.Debug|Any CPU.Build.0 = Release|Any CPU
		{5E914E8D-2428-46FF-8A53-12552B48C63C}.Release|Any CPU.ActiveCfg = Release|Any CPU
		{5E914E8D-2428-46FF-8A53-12552B48C63C}.Release|Any CPU.Build.0 = Release|Any CPU
		{6C847236-35A4-4F7D-A413-F91E47C4313D}.Debug|Any CPU.ActiveCfg = Release|Any CPU
		{6C847236-35A4-4F7D-A413-F91E47C4313D}.Debug|Any CPU.Build.0 = Release|Any CPU
		{6C847236-35A4-4F7D-A413-F91E47C4313D}.Release|Any CPU.ActiveCfg = Release|Any CPU
		{6C847236-35A4-4F7D-A413-F91E47C4313D}.Release|Any CPU.Build.0 = Release|Any CPU
		{36BD6837-9EA1-40F1-8B46-798AD581ECBD}.Debug|Any CPU.ActiveCfg = Release|Any CPU
		{36BD6837-9EA1-40F1-8B46-798AD581ECBD}.Debug|Any CPU.Build.0 = Release|Any CPU
		{36BD6837-9EA1-40F1-8B46-798AD581ECBD}.Release|Any CPU.ActiveCfg = Release|Any CPU
		{36BD6837-9EA1-40F1-8B46-798AD581ECBD}.Release|Any CPU.Build.0 = Release|Any CPU
		{9FDD9B60-2014-4CAF-970E-3AB9E75B2526}.Debug|Any CPU.ActiveCfg = Release|Any CPU
		{9FDD9B60-2014-4CAF-970E-3AB9E75B2526}.Debug|Any CPU.Build.0 = Release|Any CPU
		{9FDD9B60-2014-4CAF-970E-3AB9E75B2526}.Release|Any CPU.ActiveCfg = Release|Any CPU
		{9FDD9B60-2014-4CAF-970E-3AB9E75B2526}.Release|Any CPU.Build.0 = Release|Any CPU
		{D434E04D-CFEC-4ED8-8414-C5D9BDF9112C}.Debug|Any CPU.ActiveCfg = Release|Any CPU
		{D434E04D-CFEC-4ED8-8414-C5D9BDF9112C}.Debug|Any CPU.Build.0 = Release|Any CPU
		{D434E04D-CFEC-4ED8-8414-C5D9BDF9112C}.Release|Any CPU.ActiveCfg = Release|Any CPU
		{D434E04D-CFEC-4ED8-8414-C5D9BDF9112C}.Release|Any CPU.Build.0 = Release|Any CPU
		{33BCAEED-08EE-41B4-A3F2-EBBCAB361316}.Debug|Any CPU.ActiveCfg = Release|Any CPU
		{33BCAEED-08EE-41B4-A3F2-EBBCAB361316}.Debug|Any CPU.Build.0 = Release|Any CPU
		{33BCAEED-08EE-41B4-A3F2-EBBCAB361316}.Release|Any CPU.ActiveCfg = Release|Any CPU
		{33BCAEED-08EE-41B4-A3F2-EBBCAB361316}.Release|Any CPU.Build.0 = Release|Any CPU
		{5ABAC72C-C4A3-4DB4-8DCA-9279026C36B2}.Debug|Any CPU.ActiveCfg = Release|Any CPU
		{5ABAC72C-C4A3-4DB4-8DCA-9279026C36B2}.Debug|Any CPU.Build.0 = Release|Any CPU
		{5ABAC72C-C4A3-4DB4-8DCA-9279026C36B2}.Release|Any CPU.ActiveCfg = Release|Any CPU
		{5ABAC72C-C4A3-4DB4-8DCA-9279026C36B2}.Release|Any CPU.Build.0 = Release|Any CPU
	EndGlobalSection
	GlobalSection(SolutionProperties) = preSolution
		HideSolutionNode = FALSE
	EndGlobalSection
	GlobalSection(ExtensibilityGlobals) = postSolution
		SolutionGuid = {355AA6A6-75EA-47B1-8695-080A2ED3D987}
	EndGlobalSection
EndGlobal
